<?xml version="1.0" encoding="utf-8"?>
<Project ToolsVersion="4.0" xmlns="http://schemas.microsoft.com/developer/msbuild/2003">
  <ItemGroup>
    <Filter Include="Source Files">
      <UniqueIdentifier>{4FC737F1-C7A5-4376-A066-2A32D752A2FF}</UniqueIdentifier>
      <Extensions>cpp;c;cc;cxx;c++;cppm;ixx;def;odl;idl;hpj;bat;asm;asmx</Extensions>
    </Filter>
    <Filter Include="Header Files">
      <UniqueIdentifier>{93995380-89BD-4b04-88EB-625FBE52EBFB}</UniqueIdentifier>
      <Extensions>h;hh;hpp;hxx;h++;hm;inl;inc;ipp;xsd</Extensions>
    </Filter>
    <Filter Include="Resource Files">
      <UniqueIdentifier>{67DA6AB6-F800-4c08-8B7A-83BB121AAD01}</UniqueIdentifier>
      <Extensions>rc;ico;cur;bmp;dlg;rc2;rct;bin;rgs;gif;jpg;jpeg;jpe;resx;tiff;tif;png;wav;mfcribbon-ms</Extensions>
    </Filter>
  </ItemGroup>
  <ItemGroup>
    <ClCompile Include="Buttons\Button.cpp">
      <Filter>Source Files</Filter>
    </ClCompile>
    <ClCompile Include="Entity\Blast.cpp">
      <Filter>Source Files</Filter>
    </ClCompile>
    <ClCompile Include="Entity\Enemy.cpp">
      <Filter>Source Files</Filter>
    </ClCompile>
    <ClCompile Include="Entity\Entity.cpp">
      <Filter>Source Files</Filter>
    </ClCompile>
    <ClCompile Include="Entity\Player.cpp">
      <Filter>Source Files</Filter>
    </ClCompile>
    <ClCompile Include="GUI\Bar.cpp">
      <Filter>Source Files</Filter>
    </ClCompile>
    <ClCompile Include="States\GameState.cpp">
      <Filter>Source Files</Filter>
    </ClCompile>
    <ClCompile Include="States\PauseState.cpp">
      <Filter>Source Files</Filter>
    </ClCompile>
    <ClCompile Include="States\State.cpp">
      <Filter>Source Files</Filter>
    </ClCompile>
    <ClCompile Include="States\TitleState.cpp">
      <Filter>Source Files</Filter>
    </ClCompile>
    <ClCompile Include="TileSets\GSBorderTileSet.cpp">
      <Filter>Source Files</Filter>
    </ClCompile>
    <ClCompile Include="TileSets\GSTileSet.cpp">
      <Filter>Source Files</Filter>
    </ClCompile>
    <ClCompile Include="Game.cpp">
      <Filter>Source Files</Filter>
    </ClCompile>
    <ClCompile Include="main.cpp">
      <Filter>Source Files</Filter>
    </ClCompile>
    <ClCompile Include="States\GameOverState.cpp">
      <Filter>Source Files</Filter>
    </ClCompile>
    <ClCompile Include="GUI\Stats.cpp">
      <Filter>Source Files</Filter>
    </ClCompile>
    <ClCompile Include="GUI\GUI.cpp">
      <Filter>Source Files</Filter>
    </ClCompile>
  </ItemGroup>
  <ItemGroup>
    <ClInclude Include="Buttons\Button.h">
      <Filter>Header Files</Filter>
    </ClInclude>
    <ClInclude Include="Entity\Blast.h">
      <Filter>Header Files</Filter>
    </ClInclude>
    <ClInclude Include="Entity\Enemy.h">
      <Filter>Header Files</Filter>
    </ClInclude>
    <ClInclude Include="Entity\Entity.h">
      <Filter>Header Files</Filter>
    </ClInclude>
    <ClInclude Include="Entity\Player.h">
      <Filter>Header Files</Filter>
    </ClInclude>
    <ClInclude Include="GUI\Bar.h">
      <Filter>Header Files</Filter>
    </ClInclude>
    <ClInclude Include="States\GameState.h">
      <Filter>Header Files</Filter>
    </ClInclude>
    <ClInclude Include="States\PauseState.h">
      <Filter>Header Files</Filter>
    </ClInclude>
    <ClInclude Include="States\State.h">
      <Filter>Header Files</Filter>
    </ClInclude>
    <ClInclude Include="States\TitleState.h">
      <Filter>Header Files</Filter>
    </ClInclude>
    <ClInclude Include="TileSets\GSBorderTileSet.h">
      <Filter>Header Files</Filter>
    </ClInclude>
    <ClInclude Include="TileSets\GSTileSet.h">
      <Filter>Header Files</Filter>
    </ClInclude>
    <ClInclude Include="Game.h">
      <Filter>Header Files</Filter>
    </ClInclude>
    <ClInclude Include="Includes.h">
      <Filter>Header Files</Filter>
    </ClInclude>
    <ClInclude Include="States\GameOverState.h">
      <Filter>Header Files</Filter>
    </ClInclude>
    <ClInclude Include="GUI\Stats.h">
      <Filter>Header Files</Filter>
    </ClInclude>
    <ClInclude Include="GUI\GUI.h">
      <Filter>Header Files</Filter>
    </ClInclude>
  </ItemGroup>
  <ItemGroup>
    <None Include="openal32.dll" />
    <None Include="sfml-audio-2.dll" />
    <None Include="sfml-audio-d-2.dll" />
    <None Include="sfml-graphics-2.dll" />
    <None Include="sfml-graphics-d-2.dll" />
    <None Include="sfml-network-2.dll" />
    <None Include="sfml-network-d-2.dll" />
    <None Include="sfml-system-2.dll" />
    <None Include="sfml-system-d-2.dll" />
    <None Include="sfml-window-2.dll" />
    <None Include="sfml-window-d-2.dll" />
    <None Include="Assets\Fonts\connection-ii-font.zip" />
    <None Include="Assets\Fonts\misc\Connection II-1260.sfd" />
    <None Include="Setting\window.ini" />
  </ItemGroup>
  <ItemGroup>
    <Image Include="Assets\Buttons\ButtonRetry.png">
      <Filter>Resource Files</Filter>
    </Image>
    <Image Include="Assets\Buttons\ButtonBack.png">
      <Filter>Resource Files</Filter>
    </Image>
    <Image Include="Assets\Buttons\ButtonGoBack.png">
      <Filter>Resource Files</Filter>
    </Image>
    <Image Include="Assets\Buttons\ButtonBlank.png">
      <Filter>Resource Files</Filter>
    </Image>
    <Image Include="Assets\Buttons\ButtonContinue.png">
      <Filter>Resource Files</Filter>
    </Image>
    <Image Include="Assets\Buttons\ButtonQuit.png">
      <Filter>Resource Files</Filter>
    </Image>
    <Image Include="Assets\Buttons\ButtonHighScore.png">
      <Filter>Resource Files</Filter>
    </Image>
    <Image Include="Assets\Buttons\ButtonPlay.png">
      <Filter>Resource Files</Filter>
    </Image>
    <Image Include="Assets\Buttons\ButtonSettings.png">
      <Filter>Resource Files</Filter>
    </Image>
    <Image Include="Assets\Buttons\ButtonStart.png">
      <Filter>Resource Files</Filter>
    </Image>
    <Image Include="Assets\GameState\AntiBody.png">
      <Filter>Resource Files</Filter>
    </Image>
    <Image Include="Assets\GameState\Background.png">
      <Filter>Resource Files</Filter>
    </Image>
    <Image Include="Assets\GameState\Border.png">
      <Filter>Resource Files</Filter>
    </Image>
    <Image Include="Assets\GameState\Delta.png">
      <Filter>Resource Files</Filter>
    </Image>
    <Image Include="Assets\GameState\LevelFive.png">
      <Filter>Resource Files</Filter>
    </Image>
    <Image Include="Assets\GameState\LevelFour.png">
      <Filter>Resource Files</Filter>
    </Image>
    <Image Include="Assets\GameState\LevelOne.png">
      <Filter>Resource Files</Filter>
    </Image>
    <Image Include="Assets\GameState\LevelThree.png">
      <Filter>Resource Files</Filter>
    </Image>
    <Image Include="Assets\GameState\LevelTwo.png">
      <Filter>Resource Files</Filter>
    </Image>
    <Image Include="Assets\GameState\Omi.png">
      <Filter>Resource Files</Filter>
    </Image>
    <Image Include="Assets\GameState\Sars.png">
      <Filter>Resource Files</Filter>
    </Image>
    <Image Include="Assets\GameState\WBloodCell.png">
      <Filter>Resource Files</Filter>
    </Image>
  </ItemGroup>
  <ItemGroup>
    <Font Include="Assets\Fonts\BrassMonoComfortableRegular.otf" />
    <Font Include="Assets\Fonts\BrassMonoComfortableRegular-XmYK.otf" />
    <Font Include="Assets\Fonts\BrassMonoComfortableRegular-XmYK.ttf" />
    <Font Include="Assets\Fonts\ConnectionIi-2wj8.otf" />
  </ItemGroup>
  <ItemGroup>
    <Text Include="Assets\Fonts\info.txt" />
    <Text Include="Assets\Fonts\info-BrassMonoComfortableRegular.txt" />
    <Text Include="Assets\Fonts\misc\SIL Open Font License-7679.txt" />
  </ItemGroup>
</Project>